
Microsoft Visual Studio Solution File, Format Version 12.00
# Visual Studio Version 16
VisualStudioVersion = 16.0.30804.86
MinimumVisualStudioVersion = 10.0.40219.1
Project("{FAE04EC0-301F-11D3-BF4B-00C04F79EFBC}") = "AsyncOptionMatch", "AsyncOptionMatch\AsyncOptionMatch.csproj", "{ADA390E1-9A0A-4F9C-92ED-88A00C76625B}"
EndProject
Global
	GlobalSection(SolutionConfigurationPlatforms) = preSolution
		Debug|Any CPU = Debug|Any CPU
		Release|Any CPU = Release|Any CPU
	EndGlobalSection
	GlobalSection(ProjectConfigurationPlatforms) = postSolution
		{ADA390E1-9A0A-4F9C-92ED-88A00C76625B}.Debug|Any CPU.ActiveCfg = Debug|Any CPU
		{ADA390E1-9A0A-4F9C-92ED-88A00C76625B}.Debug|Any CPU.Build.0 = Debug|Any CPU
		{ADA390E1-9A0A-4F9C-92ED-88A00C76625B}.Release|Any CPU.ActiveCfg = Release|Any CPU
		{ADA390E1-9A0A-4F9C-92ED-88A00C76625B}.Release|Any CPU.Build.0 = Release|Any CPU
	EndGlobalSection
	GlobalSection(SolutionProperties) = preSolution
		HideSolutionNode = FALSE
	EndGlobalSection
	GlobalSection(ExtensibilityGlobals) = postSolution
		SolutionGuid = {E8008894-D954-46A6-8999-F5C80EE40ABA}
	EndGlobalSection
EndGlobal
